
Microsoft Visual Studio Solution File, Format Version 12.00
# Visual Studio Version 17
VisualStudioVersion = 17.9.34723.18
MinimumVisualStudioVersion = 10.0.40219.1
Project("{FAE04EC0-301F-11D3-BF4B-00C04F79EFBC}") = "PI", "PI.csproj", "{F503F020-7499-4829-970D-D42C757C79BD}"
EndProject
Global
	GlobalSection(SolutionConfigurationPlatforms) = preSolution
		Debug|Any CPU = Debug|Any CPU
		Release|Any CPU = Release|Any CPU
	EndGlobalSection
	GlobalSection(ProjectConfigurationPlatforms) = postSolution
		{F503F020-7499-4829-970D-D42C757C79BD}.Debug|Any CPU.ActiveCfg = Debug|Any CPU
		{F503F020-7499-4829-970D-D42C757C79BD}.Debug|Any CPU.Build.0 = Debug|Any CPU
		{F503F020-7499-4829-970D-D42C757C79BD}.Release|Any CPU.ActiveCfg = Release|Any CPU
		{F503F020-7499-4829-970D-D42C757C79BD}.Release|Any CPU.Build.0 = Release|Any CPU
	EndGlobalSection
	GlobalSection(SolutionProperties) = preSolution
		HideSolutionNode = FALSE
	EndGlobalSection
	GlobalSection(ExtensibilityGlobals) = postSolution
		SolutionGuid = {C07AB5CE-B456-49D5-974B-5BFD1D6B299D}
	EndGlobalSection
EndGlobal
