
Microsoft Visual Studio Solution File, Format Version 12.00
# Visual Studio Version 17
VisualStudioVersion = 17.9.34701.34
MinimumVisualStudioVersion = 10.0.40219.1
Project("{FAE04EC0-301F-11D3-BF4B-00C04F79EFBC}") = "PhoneAppV2", "PhoneAppV2.csproj", "{D9C7B791-D6A1-4EA2-8C1F-DDCC31915C59}"
EndProject
Global
	GlobalSection(SolutionConfigurationPlatforms) = preSolution
		Debug|Any CPU = Debug|Any CPU
		Release|Any CPU = Release|Any CPU
	EndGlobalSection
	GlobalSection(ProjectConfigurationPlatforms) = postSolution
		{D9C7B791-D6A1-4EA2-8C1F-DDCC31915C59}.Debug|Any CPU.ActiveCfg = Debug|Any CPU
		{D9C7B791-D6A1-4EA2-8C1F-DDCC31915C59}.Debug|Any CPU.Build.0 = Debug|Any CPU
		{D9C7B791-D6A1-4EA2-8C1F-DDCC31915C59}.Release|Any CPU.ActiveCfg = Release|Any CPU
		{D9C7B791-D6A1-4EA2-8C1F-DDCC31915C59}.Release|Any CPU.Build.0 = Release|Any CPU
	EndGlobalSection
	GlobalSection(SolutionProperties) = preSolution
		HideSolutionNode = FALSE
	EndGlobalSection
	GlobalSection(ExtensibilityGlobals) = postSolution
		SolutionGuid = {49C8EA56-AD41-4679-B829-02F5271530BC}
	EndGlobalSection
EndGlobal
